
Microsoft Visual Studio Solution File, Format Version 12.00
# Visual Studio Version 17
VisualStudioVersion = 17.0.31903.59
MinimumVisualStudioVersion = 10.0.40219.1
Project("{FAE04EC0-301F-11D3-BF4B-00C04F79EFBC}") = "PaymentProcessingAPI", "src\PaymentProcessingAPI\PaymentProcessingAPI.csproj", "{E0138A2B-F34A-4923-BB1F-C815F86A3DA6}"
EndProject
Project("{FAE04EC0-301F-11D3-BF4B-00C04F79EFBC}") = "PaymentProcessingAPI.Tests", "src\PaymentProcessingAPI.Tests\PaymentProcessingAPI.Tests.csproj", "{512FE3F1-1371-4A9B-9B6C-F65F3CF05ADB}"
EndProject
Project("{FAE04EC0-301F-11D3-BF4B-00C04F79EFBC}") = "PaymentProcessingAPI.IntegrationTests", "src\PaymentProcessingAPI.IntegrationTests\PaymentProcessingAPI.IntegrationTests.csproj", "{0B006C04-459B-4BEF-8CA4-8D5F7638F6BC}"
EndProject
Global
	GlobalSection(SolutionConfigurationPlatforms) = preSolution
		Debug|Any CPU = Debug|Any CPU
		Release|Any CPU = Release|Any CPU
	EndGlobalSection
	GlobalSection(SolutionProperties) = preSolution
		HideSolutionNode = FALSE
	EndGlobalSection
	GlobalSection(ProjectConfigurationPlatforms) = postSolution
		{E0138A2B-F34A-4923-BB1F-C815F86A3DA6}.Debug|Any CPU.ActiveCfg = Debug|Any CPU
		{E0138A2B-F34A-4923-BB1F-C815F86A3DA6}.Debug|Any CPU.Build.0 = Debug|Any CPU
		{E0138A2B-F34A-4923-BB1F-C815F86A3DA6}.Release|Any CPU.ActiveCfg = Release|Any CPU
		{E0138A2B-F34A-4923-BB1F-C815F86A3DA6}.Release|Any CPU.Build.0 = Release|Any CPU
		{512FE3F1-1371-4A9B-9B6C-F65F3CF05ADB}.Debug|Any CPU.ActiveCfg = Debug|Any CPU
		{512FE3F1-1371-4A9B-9B6C-F65F3CF05ADB}.Debug|Any CPU.Build.0 = Debug|Any CPU
		{512FE3F1-1371-4A9B-9B6C-F65F3CF05ADB}.Release|Any CPU.ActiveCfg = Release|Any CPU
		{512FE3F1-1371-4A9B-9B6C-F65F3CF05ADB}.Release|Any CPU.Build.0 = Release|Any CPU
		{0B006C04-459B-4BEF-8CA4-8D5F7638F6BC}.Debug|Any CPU.ActiveCfg = Debug|Any CPU
		{0B006C04-459B-4BEF-8CA4-8D5F7638F6BC}.Debug|Any CPU.Build.0 = Debug|Any CPU
		{0B006C04-459B-4BEF-8CA4-8D5F7638F6BC}.Release|Any CPU.ActiveCfg = Release|Any CPU
		{0B006C04-459B-4BEF-8CA4-8D5F7638F6BC}.Release|Any CPU.Build.0 = Release|Any CPU
	EndGlobalSection
EndGlobal
